
Microsoft Visual Studio Solution File, Format Version 12.00
# Visual Studio 15
Project("{FAE04EC0-301F-11D3-BF4B-00C04F79EFBC}") = "Soutuken.Android", "Soutuken.Android\Soutuken.Android.csproj", "{BF46627F-D67F-42F5-BAA0-C579F3BA7294}"
EndProject
Project("{FAE04EC0-301F-11D3-BF4B-00C04F79EFBC}") = "Soutuken.iOS", "Soutuken.iOS\Soutuken.iOS.csproj", "{2B3A9234-09AB-41A2-AA12-2DE8A374581A}"
EndProject
Project("{FAE04EC0-301F-11D3-BF4B-00C04F79EFBC}") = "Soutuken", "Soutuken\Soutuken.csproj", "{03491C53-1BDC-4E2B-9C34-A9089E124D3A}"
EndProject
Global
	GlobalSection(SolutionConfigurationPlatforms) = preSolution
		Debug|Any CPU = Debug|Any CPU
		Release|Any CPU = Release|Any CPU
		Debug|iPhoneSimulator = Debug|iPhoneSimulator
		Release|iPhoneSimulator = Release|iPhoneSimulator
		Debug|iPhone = Debug|iPhone
		Release|iPhone = Release|iPhone
	EndGlobalSection
	GlobalSection(ProjectConfigurationPlatforms) = postSolution
		{BF46627F-D67F-42F5-BAA0-C579F3BA7294}.Debug|Any CPU.ActiveCfg = Debug|Any CPU
		{BF46627F-D67F-42F5-BAA0-C579F3BA7294}.Debug|Any CPU.Build.0 = Debug|Any CPU
		{BF46627F-D67F-42F5-BAA0-C579F3BA7294}.Release|Any CPU.ActiveCfg = Release|Any CPU
		{BF46627F-D67F-42F5-BAA0-C579F3BA7294}.Release|Any CPU.Build.0 = Release|Any CPU
		{BF46627F-D67F-42F5-BAA0-C579F3BA7294}.Debug|iPhoneSimulator.ActiveCfg = Debug|Any CPU
		{BF46627F-D67F-42F5-BAA0-C579F3BA7294}.Debug|iPhoneSimulator.Build.0 = Debug|Any CPU
		{BF46627F-D67F-42F5-BAA0-C579F3BA7294}.Release|iPhoneSimulator.ActiveCfg = Release|Any CPU
		{BF46627F-D67F-42F5-BAA0-C579F3BA7294}.Release|iPhoneSimulator.Build.0 = Release|Any CPU
		{BF46627F-D67F-42F5-BAA0-C579F3BA7294}.Debug|iPhone.ActiveCfg = Debug|Any CPU
		{BF46627F-D67F-42F5-BAA0-C579F3BA7294}.Debug|iPhone.Build.0 = Debug|Any CPU
		{BF46627F-D67F-42F5-BAA0-C579F3BA7294}.Release|iPhone.ActiveCfg = Release|Any CPU
		{BF46627F-D67F-42F5-BAA0-C579F3BA7294}.Release|iPhone.Build.0 = Release|Any CPU
		{2B3A9234-09AB-41A2-AA12-2DE8A374581A}.Debug|Any CPU.ActiveCfg = Debug|iPhoneSimulator
		{2B3A9234-09AB-41A2-AA12-2DE8A374581A}.Debug|Any CPU.Build.0 = Debug|iPhoneSimulator
		{2B3A9234-09AB-41A2-AA12-2DE8A374581A}.Release|Any CPU.ActiveCfg = Release|iPhoneSimulator
		{2B3A9234-09AB-41A2-AA12-2DE8A374581A}.Release|Any CPU.Build.0 = Release|iPhoneSimulator
		{2B3A9234-09AB-41A2-AA12-2DE8A374581A}.Debug|iPhoneSimulator.ActiveCfg = Debug|iPhoneSimulator
		{2B3A9234-09AB-41A2-AA12-2DE8A374581A}.Debug|iPhoneSimulator.Build.0 = Debug|iPhoneSimulator
		{2B3A9234-09AB-41A2-AA12-2DE8A374581A}.Release|iPhoneSimulator.ActiveCfg = Release|iPhoneSimulator
		{2B3A9234-09AB-41A2-AA12-2DE8A374581A}.Release|iPhoneSimulator.Build.0 = Release|iPhoneSimulator
		{2B3A9234-09AB-41A2-AA12-2DE8A374581A}.Debug|iPhone.ActiveCfg = Debug|iPhone
		{2B3A9234-09AB-41A2-AA12-2DE8A374581A}.Debug|iPhone.Build.0 = Debug|iPhone
		{2B3A9234-09AB-41A2-AA12-2DE8A374581A}.Release|iPhone.ActiveCfg = Release|iPhone
		{2B3A9234-09AB-41A2-AA12-2DE8A374581A}.Release|iPhone.Build.0 = Release|iPhone
		{03491C53-1BDC-4E2B-9C34-A9089E124D3A}.Debug|Any CPU.ActiveCfg = Debug|Any CPU
		{03491C53-1BDC-4E2B-9C34-A9089E124D3A}.Debug|Any CPU.Build.0 = Debug|Any CPU
		{03491C53-1BDC-4E2B-9C34-A9089E124D3A}.Release|Any CPU.ActiveCfg = Release|Any CPU
		{03491C53-1BDC-4E2B-9C34-A9089E124D3A}.Release|Any CPU.Build.0 = Release|Any CPU
		{03491C53-1BDC-4E2B-9C34-A9089E124D3A}.Debug|iPhoneSimulator.ActiveCfg = Debug|Any CPU
		{03491C53-1BDC-4E2B-9C34-A9089E124D3A}.Debug|iPhoneSimulator.Build.0 = Debug|Any CPU
		{03491C53-1BDC-4E2B-9C34-A9089E124D3A}.Release|iPhoneSimulator.ActiveCfg = Release|Any CPU
		{03491C53-1BDC-4E2B-9C34-A9089E124D3A}.Release|iPhoneSimulator.Build.0 = Release|Any CPU
		{03491C53-1BDC-4E2B-9C34-A9089E124D3A}.Debug|iPhone.ActiveCfg = Debug|Any CPU
		{03491C53-1BDC-4E2B-9C34-A9089E124D3A}.Debug|iPhone.Build.0 = Debug|Any CPU
		{03491C53-1BDC-4E2B-9C34-A9089E124D3A}.Release|iPhone.ActiveCfg = Release|Any CPU
		{03491C53-1BDC-4E2B-9C34-A9089E124D3A}.Release|iPhone.Build.0 = Release|Any CPU
	EndGlobalSection
EndGlobal
